
Microsoft Visual Studio Solution File, Format Version 12.00
# Visual Studio 15
VisualStudioVersion = 15.0.27428.2015
MinimumVisualStudioVersion = 10.0.40219.1
Project("{9A19103F-16F7-4668-BE54-9A1E7A4F7556}") = "MailTrackREST", "MailTrackREST\MailTrackREST.csproj", "{F66250FE-67C8-4669-AFDB-DBF57EECA57C}"
EndProject
Project("{FAE04EC0-301F-11D3-BF4B-00C04F79EFBC}") = "MailTrackDesktop", "MailTrackDesktop\MailTrackDesktop.csproj", "{07C8A3E9-E3A9-4310-BF90-44DE22D5FDB6}"
EndProject
Project("{FAE04EC0-301F-11D3-BF4B-00C04F79EFBC}") = "Mail.Common.Net", "Mail.Common.Net\Mail.Common.Net.csproj", "{F985F160-27CC-4059-9F68-ED35A30C0994}"
EndProject
Project("{FAE04EC0-301F-11D3-BF4B-00C04F79EFBC}") = "MailTrackWebApp", "MailTrackWebApp\MailTrackWebApp.csproj", "{E2134641-3E25-46AF-9037-39A7E4FF20D6}"
EndProject
Global
	GlobalSection(SolutionConfigurationPlatforms) = preSolution
		Debug|Any CPU = Debug|Any CPU
		Release|Any CPU = Release|Any CPU
	EndGlobalSection
	GlobalSection(ProjectConfigurationPlatforms) = postSolution
		{F66250FE-67C8-4669-AFDB-DBF57EECA57C}.Debug|Any CPU.ActiveCfg = Debug|Any CPU
		{F66250FE-67C8-4669-AFDB-DBF57EECA57C}.Debug|Any CPU.Build.0 = Debug|Any CPU
		{F66250FE-67C8-4669-AFDB-DBF57EECA57C}.Release|Any CPU.ActiveCfg = Release|Any CPU
		{F66250FE-67C8-4669-AFDB-DBF57EECA57C}.Release|Any CPU.Build.0 = Release|Any CPU
		{07C8A3E9-E3A9-4310-BF90-44DE22D5FDB6}.Debug|Any CPU.ActiveCfg = Debug|Any CPU
		{07C8A3E9-E3A9-4310-BF90-44DE22D5FDB6}.Debug|Any CPU.Build.0 = Debug|Any CPU
		{07C8A3E9-E3A9-4310-BF90-44DE22D5FDB6}.Release|Any CPU.ActiveCfg = Release|Any CPU
		{07C8A3E9-E3A9-4310-BF90-44DE22D5FDB6}.Release|Any CPU.Build.0 = Release|Any CPU
		{F985F160-27CC-4059-9F68-ED35A30C0994}.Debug|Any CPU.ActiveCfg = Debug|Any CPU
		{F985F160-27CC-4059-9F68-ED35A30C0994}.Debug|Any CPU.Build.0 = Debug|Any CPU
		{F985F160-27CC-4059-9F68-ED35A30C0994}.Release|Any CPU.ActiveCfg = Release|Any CPU
		{F985F160-27CC-4059-9F68-ED35A30C0994}.Release|Any CPU.Build.0 = Release|Any CPU
		{E2134641-3E25-46AF-9037-39A7E4FF20D6}.Debug|Any CPU.ActiveCfg = Debug|Any CPU
		{E2134641-3E25-46AF-9037-39A7E4FF20D6}.Debug|Any CPU.Build.0 = Debug|Any CPU
		{E2134641-3E25-46AF-9037-39A7E4FF20D6}.Release|Any CPU.ActiveCfg = Release|Any CPU
		{E2134641-3E25-46AF-9037-39A7E4FF20D6}.Release|Any CPU.Build.0 = Release|Any CPU
	EndGlobalSection
	GlobalSection(SolutionProperties) = preSolution
		HideSolutionNode = FALSE
	EndGlobalSection
	GlobalSection(ExtensibilityGlobals) = postSolution
		SolutionGuid = {4CF8CE16-3B7D-4812-A5E9-17B26BD13B2D}
	EndGlobalSection
EndGlobal
